PODS:
  - AsyncDisplayKit (1.9.92):
    - AsyncDisplayKit/PINRemoteImage (= 1.9.92)
  - AsyncDisplayKit/ASDealloc2MainObject (1.9.92)
  - AsyncDisplayKit/Core (1.9.92):
    - AsyncDisplayKit/ASDealloc2MainObject
  - AsyncDisplayKit/PINRemoteImage (1.9.92):
    - AsyncDisplayKit/Core
    - PINCache (= 3.0.1-beta)
    - PINRemoteImage/iOS (= 3.0.0-beta.3)
  - DropDown (2)
  - NMessenger (1.0.79):
    - AsyncDisplayKit (= 1.9.92)
  - PINCache (3.0.1-beta)
  - PINRemoteImage/Core (3.0.0-beta.3):
    - PINCache (>= 3.0.0-beta)
  - PINRemoteImage/iOS (3.0.0-beta.3):
    - PINRemoteImage/Core
  - SwiftSocket (2.0.1)

DEPENDENCIES:
  - DropDown
  - NMessenger
  - SwiftSocket

SPEC CHECKSUMS:
  AsyncDisplayKit: 49d94f5739669d666ff7cdc3430f43f0b2cfbeaf
  DropDown: 744784d9c9aa505100e942c16acd05430cbb2f0a
  NMessenger: 79b8a4d2132fe49e03ec8964d07955d6553f831c
  PINCache: 6911fe422a633e18b3d3ddf2bd4f0e55e36e2892
  PINRemoteImage: 308731aa6534500e58fc211b9cc2bb7252df25ba
  SwiftSocket: 2d814afdc97c89217982f86fd036c1874134a63f

PODFILE CHECKSUM: 120d749c7560386e23cbfe4f79c5cd5c2b4f3857

COCOAPODS: 1.1.1
