// !$*UTF8*$!
{
	archiveVersion = 1;
	classes = {
	};
	objectVersion = 46;
	objects = {

/* Begin PBXBuildFile section */
		7B246438CB6BB7905928BD8C /* Pods_ButterChat.framework in Frameworks */ = {isa = PBXBuildFile; fileRef = E13FD4A219B336874F4D2786 /* Pods_ButterChat.framework */; };
		B55E6ED11E33E24B0053A538 /* ChatroomTableViewCell.swift in Sources */ = {isa = PBXBuildFile; fileRef = B55E6ED01E33E24B0053A538 /* ChatroomTableViewCell.swift */; };
		B5CBEFFC1E3310D90077D9B4 /* NetworkHelper.swift in Sources */ = {isa = PBXBuildFile; fileRef = B5CBEFFB1E3310D90077D9B4 /* NetworkHelper.swift */; };
		B5D21A401E32FA75007656C7 /* AppDelegate.swift in Sources */ = {isa = PBXBuildFile; fileRef = B5D21A3F1E32FA75007656C7 /* AppDelegate.swift */; };
		B5D21A421E32FA75007656C7 /* ViewController.swift in Sources */ = {isa = PBXBuildFile; fileRef = B5D21A411E32FA75007656C7 /* ViewController.swift */; };
		B5D21A451E32FA75007656C7 /* Main.storyboard in Resources */ = {isa = PBXBuildFile; fileRef = B5D21A431E32FA75007656C7 /* Main.storyboard */; };
		B5D21A471E32FA75007656C7 /* Assets.xcassets in Resources */ = {isa = PBXBuildFile; fileRef = B5D21A461E32FA75007656C7 /* Assets.xcassets */; };
		B5D21A4A1E32FA75007656C7 /* LaunchScreen.storyboard in Resources */ = {isa = PBXBuildFile; fileRef = B5D21A481E32FA75007656C7 /* LaunchScreen.storyboard */; };
		B5E499A01E33CF9D009C6BBD /* Chatroom.swift in Sources */ = {isa = PBXBuildFile; fileRef = B5E4999F1E33CF9D009C6BBD /* Chatroom.swift */; };
/* End PBXBuildFile section */

/* Begin PBXFileReference section */
		1A3AF08E849A2DEFB04E8991 /* Pods-ButterChat.debug.xcconfig */ = {isa = PBXFileReference; includeInIndex = 1; lastKnownFileType = text.xcconfig; name = "Pods-ButterChat.debug.xcconfig"; path = "Pods/Target Support Files/Pods-ButterChat/Pods-ButterChat.debug.xcconfig"; sourceTree = "<group>"; };
		B55E6ED01E33E24B0053A538 /* ChatroomTableViewCell.swift */ = {isa = PBXFileReference; fileEncoding = 4; lastKnownFileType = sourcecode.swift; path = ChatroomTableViewCell.swift; sourceTree = "<group>"; };
		B5CBEFFB1E3310D90077D9B4 /* NetworkHelper.swift */ = {isa = PBXFileReference; fileEncoding = 4; lastKnownFileType = sourcecode.swift; path = NetworkHelper.swift; sourceTree = "<group>"; };
		B5D21A3C1E32FA75007656C7 /* ButterChat.app */ = {isa = PBXFileReference; explicitFileType = wrapper.application; includeInIndex = 0; path = ButterChat.app; sourceTree = BUILT_PRODUCTS_DIR; };
		B5D21A3F1E32FA75007656C7 /* AppDelegate.swift */ = {isa = PBXFileReference; lastKnownFileType = sourcecode.swift; path = AppDelegate.swift; sourceTree = "<group>"; };
		B5D21A411E32FA75007656C7 /* ViewController.swift */ = {isa = PBXFileReference; lastKnownFileType = sourcecode.swift; path = ViewController.swift; sourceTree = "<group>"; };
		B5D21A441E32FA75007656C7 /* Base */ = {isa = PBXFileReference; lastKnownFileType = file.storyboard; name = Base; path = Base.lproj/Main.storyboard; sourceTree = "<group>"; };
		B5D21A461E32FA75007656C7 /* Assets.xcassets */ = {isa = PBXFileReference; lastKnownFileType = folder.assetcatalog; path = Assets.xcassets; sourceTree = "<group>"; };
		B5D21A491E32FA75007656C7 /* Base */ = {isa = PBXFileReference; lastKnownFileType = file.storyboard; name = Base; path = Base.lproj/LaunchScreen.storyboard; sourceTree = "<group>"; };
		B5D21A4B1E32FA75007656C7 /* Info.plist */ = {isa = PBXFileReference; lastKnownFileType = text.plist.xml; path = Info.plist; sourceTree = "<group>"; };
		B5E4999F1E33CF9D009C6BBD /* Chatroom.swift */ = {isa = PBXFileReference; fileEncoding = 4; lastKnownFileType = sourcecode.swift; path = Chatroom.swift; sourceTree = "<group>"; };
		C99CE665807D2421911F5B9A /* Pods-ButterChat.release.xcconfig */ = {isa = PBXFileReference; includeInIndex = 1; lastKnownFileType = text.xcconfig; name = "Pods-ButterChat.release.xcconfig"; path = "Pods/Target Support Files/Pods-ButterChat/Pods-ButterChat.release.xcconfig"; sourceTree = "<group>"; };
		E13FD4A219B336874F4D2786 /* Pods_ButterChat.framework */ = {isa = PBXFileReference; explicitFileType = wrapper.framework; includeInIndex = 0; path = Pods_ButterChat.framework; sourceTree = BUILT_PRODUCTS_DIR; };
/* End PBXFileReference section */

/* Begin PBXFrameworksBuildPhase section */
		B5D21A391E32FA75007656C7 /* Frameworks */ = {
			isa = PBXFrameworksBuildPhase;
			buildActionMask = 2147483647;
			files = (
				7B246438CB6BB7905928BD8C /* Pods_ButterChat.framework in Frameworks */,
			);
			runOnlyForDeploymentPostprocessing = 0;
		};
/* End PBXFrameworksBuildPhase section */

/* Begin PBXGroup section */
		8641B2B3DC4B6F5220090303 /* Pods */ = {
			isa = PBXGroup;
			children = (
				1A3AF08E849A2DEFB04E8991 /* Pods-ButterChat.debug.xcconfig */,
				C99CE665807D2421911F5B9A /* Pods-ButterChat.release.xcconfig */,
			);
			name = Pods;
			sourceTree = "<group>";
		};
		B5D21A331E32FA75007656C7 = {
			isa = PBXGroup;
			children = (
				B5D21A3E1E32FA75007656C7 /* ButterChat */,
				B5D21A3D1E32FA75007656C7 /* Products */,
				8641B2B3DC4B6F5220090303 /* Pods */,
				D582E89BDF29E8C114DE0565 /* Frameworks */,
			);
			sourceTree = "<group>";
		};
		B5D21A3D1E32FA75007656C7 /* Products */ = {
			isa = PBXGroup;
			children = (
				B5D21A3C1E32FA75007656C7 /* ButterChat.app */,
			);
			name = Products;
			sourceTree = "<group>";
		};
		B5D21A3E1E32FA75007656C7 /* ButterChat */ = {
			isa = PBXGroup;
			children = (
				B5D21A3F1E32FA75007656C7 /* AppDelegate.swift */,
				B5D21A411E32FA75007656C7 /* ViewController.swift */,
				B5D21A431E32FA75007656C7 /* Main.storyboard */,
				B5D21A461E32FA75007656C7 /* Assets.xcassets */,
				B5D21A481E32FA75007656C7 /* LaunchScreen.storyboard */,
				B5D21A4B1E32FA75007656C7 /* Info.plist */,
				B5CBEFFB1E3310D90077D9B4 /* NetworkHelper.swift */,
				B5E4999F1E33CF9D009C6BBD /* Chatroom.swift */,
				B55E6ED01E33E24B0053A538 /* ChatroomTableViewCell.swift */,
			);
			path = ButterChat;
			sourceTree = "<group>";
		};
		D582E89BDF29E8C114DE0565 /* Frameworks */ = {
			isa = PBXGroup;
			children = (
				E13FD4A219B336874F4D2786 /* Pods_ButterChat.framework */,
			);
			name = Frameworks;
			sourceTree = "<group>";
		};
/* End PBXGroup section */

/* Begin PBXNativeTarget section */
		B5D21A3B1E32FA75007656C7 /* ButterChat */ = {
			isa = PBXNativeTarget;
			buildConfigurationList = B5D21A4E1E32FA75007656C7 /* Build configuration list for PBXNativeTarget "ButterChat" */;
			buildPhases = (
				9682FFFF4780AC7494827B04 /* [CP] Check Pods Manifest.lock */,
				B5D21A381E32FA75007656C7 /* Sources */,
				B5D21A391E32FA75007656C7 /* Frameworks */,
				B5D21A3A1E32FA75007656C7 /* Resources */,
				31B77CA43C7EE13AB1A1CE72 /* [CP] Embed Pods Frameworks */,
				01F5B3F3678225E722C359B0 /* [CP] Copy Pods Resources */,
			);
			buildRules = (
			);
			dependencies = (
			);
			name = ButterChat;
			productName = ButterChat;
			productReference = B5D21A3C1E32FA75007656C7 /* ButterChat.app */;
			productType = "com.apple.product-type.application";
		};
/* End PBXNativeTarget section */

/* Begin PBXProject section */
		B5D21A341E32FA75007656C7 /* Project object */ = {
			isa = PBXProject;
			attributes = {
				LastSwiftUpdateCheck = 0820;
				LastUpgradeCheck = 0820;
				ORGANIZATIONNAME = "Steven Shang";
				TargetAttributes = {
					B5D21A3B1E32FA75007656C7 = {
						CreatedOnToolsVersion = 8.2.1;
						DevelopmentTeam = WK3VAH28UA;
						ProvisioningStyle = Automatic;
					};
				};
			};
			buildConfigurationList = B5D21A371E32FA75007656C7 /* Build configuration list for PBXProject "ButterChat" */;
			compatibilityVersion = "Xcode 3.2";
			developmentRegion = English;
			hasScannedForEncodings = 0;
			knownRegions = (
				en,
				Base,
			);
			mainGroup = B5D21A331E32FA75007656C7;
			productRefGroup = B5D21A3D1E32FA75007656C7 /* Products */;
			projectDirPath = "";
			projectRoot = "";
			targets = (
				B5D21A3B1E32FA75007656C7 /* ButterChat */,
			);
		};
/* End PBXProject section */

/* Begin PBXResourcesBuildPhase section */
		B5D21A3A1E32FA75007656C7 /* Resources */ = {
			isa = PBXResourcesBuildPhase;
			buildActionMask = 2147483647;
			files = (
				B5D21A4A1E32FA75007656C7 /* LaunchScreen.storyboard in Resources */,
				B5D21A471E32FA75007656C7 /* Assets.xcassets in Resources */,
				B5D21A451E32FA75007656C7 /* Main.storyboard in Resources */,
			);
			runOnlyForDeploymentPostprocessing = 0;
		};
/* End PBXResourcesBuildPhase section */

/* Begin PBXShellScriptBuildPhase section */
		01F5B3F3678225E722C359B0 /* [CP] Copy Pods Resources */ = {
			isa = PBXShellScriptBuildPhase;
			buildActionMask = 2147483647;
			files = (
			);
			inputPaths = (
			);
			name = "[CP] Copy Pods Resources";
			outputPaths = (
			);
			runOnlyForDeploymentPostprocessing = 0;
			shellPath = /bin/sh;
			shellScript = "\"${SRCROOT}/Pods/Target Support Files/Pods-ButterChat/Pods-ButterChat-resources.sh\"\n";
			showEnvVarsInLog = 0;
		};
		31B77CA43C7EE13AB1A1CE72 /* [CP] Embed Pods Frameworks */ = {
			isa = PBXShellScriptBuildPhase;
			buildActionMask = 2147483647;
			files = (
			);
			inputPaths = (
			);
			name = "[CP] Embed Pods Frameworks";
			outputPaths = (
			);
			runOnlyForDeploymentPostprocessing = 0;
			shellPath = /bin/sh;
			shellScript = "\"${SRCROOT}/Pods/Target Support Files/Pods-ButterChat/Pods-ButterChat-frameworks.sh\"\n";
			showEnvVarsInLog = 0;
		};
		9682FFFF4780AC7494827B04 /* [CP] Check Pods Manifest.lock */ = {
			isa = PBXShellScriptBuildPhase;
			buildActionMask = 2147483647;
			files = (
			);
			inputPaths = (
			);
			name = "[CP] Check Pods Manifest.lock";
			outputPaths = (
			);
			runOnlyForDeploymentPostprocessing = 0;
			shellPath = /bin/sh;
			shellScript = "diff \"${PODS_ROOT}/../Podfile.lock\" \"${PODS_ROOT}/Manifest.lock\" > /dev/null\nif [ $? != 0 ] ; then\n    # print error to STDERR\n    echo \"error: The sandbox is not in sync with the Podfile.lock. Run 'pod install' or update your CocoaPods installation.\" >&2\n    exit 1\nfi\n";
			showEnvVarsInLog = 0;
		};
/* End PBXShellScriptBuildPhase section */

/* Begin PBXSourcesBuildPhase section */
		B5D21A381E32FA75007656C7 /* Sources */ = {
			isa = PBXSourcesBuildPhase;
			buildActionMask = 2147483647;
			files = (
				B5D21A421E32FA75007656C7 /* ViewController.swift in Sources */,
				B55E6ED11E33E24B0053A538 /* ChatroomTableViewCell.swift in Sources */,
				B5CBEFFC1E3310D90077D9B4 /* NetworkHelper.swift in Sources */,
				B5E499A01E33CF9D009C6BBD /* Chatroom.swift in Sources */,
				B5D21A401E32FA75007656C7 /* AppDelegate.swift in Sources */,
			);
			runOnlyForDeploymentPostprocessing = 0;
		};
/* End PBXSourcesBuildPhase section */

/* Begin PBXVariantGroup section */
		B5D21A431E32FA75007656C7 /* Main.storyboard */ = {
			isa = PBXVariantGroup;
			children = (
				B5D21A441E32FA75007656C7 /* Base */,
			);
			name = Main.storyboard;
			sourceTree = "<group>";
		};
		B5D21A481E32FA75007656C7 /* LaunchScreen.storyboard */ = {
			isa = PBXVariantGroup;
			children = (
				B5D21A491E32FA75007656C7 /* Base */,
			);
			name = LaunchScreen.storyboard;
			sourceTree = "<group>";
		};
/* End PBXVariantGroup section */

/* Begin XCBuildConfiguration section */
		B5D21A4C1E32FA75007656C7 /* Debug */ = {
			isa = XCBuildConfiguration;
			buildSettings = {
				ALWAYS_SEARCH_USER_PATHS = NO;
				CLANG_ANALYZER_NONNULL = YES;
				CLANG_CXX_LANGUAGE_STANDARD = "gnu++0x";
				CLANG_CXX_LIBRARY = "libc++";
				CLANG_ENABLE_MODULES = YES;
				CLANG_ENABLE_OBJC_ARC = YES;
				CLANG_WARN_BOOL_CONVERSION = YES;
				CLANG_WARN_CONSTANT_CONVERSION = YES;
				CLANG_WARN_DIRECT_OBJC_ISA_USAGE = YES_ERROR;
				CLANG_WARN_DOCUMENTATION_COMMENTS = YES;
				CLANG_WARN_EMPTY_BODY = YES;
				CLANG_WARN_ENUM_CONVERSION = YES;
				CLANG_WARN_INFINITE_RECURSION = YES;
				CLANG_WARN_INT_CONVERSION = YES;
				CLANG_WARN_OBJC_ROOT_CLASS = YES_ERROR;
				CLANG_WARN_SUSPICIOUS_MOVE = YES;
				CLANG_WARN_UNREACHABLE_CODE = YES;
				CLANG_WARN__DUPLICATE_METHOD_MATCH = YES;
				"CODE_SIGN_IDENTITY[sdk=iphoneos*]" = "iPhone Developer";
				COPY_PHASE_STRIP = NO;
				DEBUG_INFORMATION_FORMAT = dwarf;
				ENABLE_STRICT_OBJC_MSGSEND = YES;
				ENABLE_TESTABILITY = YES;
				GCC_C_LANGUAGE_STANDARD = gnu99;
				GCC_DYNAMIC_NO_PIC = NO;
				GCC_NO_COMMON_BLOCKS = YES;
				GCC_OPTIMIZATION_LEVEL = 0;
				GCC_PREPROCESSOR_DEFINITIONS = (
					"DEBUG=1",
					"$(inherited)",
				);
				GCC_WARN_64_TO_32_BIT_CONVERSION = YES;
				GCC_WARN_ABOUT_RETURN_TYPE = YES_ERROR;
				GCC_WARN_UNDECLARED_SELECTOR = YES;
				GCC_WARN_UNINITIALIZED_AUTOS = YES_AGGRESSIVE;
				GCC_WARN_UNUSED_FUNCTION = YES;
				GCC_WARN_UNUSED_VARIABLE = YES;
				IPHONEOS_DEPLOYMENT_TARGET = 10.2;
				MTL_ENABLE_DEBUG_INFO = YES;
				ONLY_ACTIVE_ARCH = YES;
				SDKROOT = iphoneos;
				SWIFT_ACTIVE_COMPILATION_CONDITIONS = DEBUG;
				SWIFT_OPTIMIZATION_LEVEL = "-Onone";
				TARGETED_DEVICE_FAMILY = "1,2";
			};
			name = Debug;
		};
		B5D21A4D1E32FA75007656C7 /* Release */ = {
			isa = XCBuildConfiguration;
			buildSettings = {
				ALWAYS_SEARCH_USER_PATHS = NO;
				CLANG_ANALYZER_NONNULL = YES;
				CLANG_CXX_LANGUAGE_STANDARD = "gnu++0x";
				CLANG_CXX_LIBRARY = "libc++";
				CLANG_ENABLE_MODULES = YES;
				CLANG_ENABLE_OBJC_ARC = YES;
				CLANG_WARN_BOOL_CONVERSION = YES;
				CLANG_WARN_CONSTANT_CONVERSION = YES;
				CLANG_WARN_DIRECT_OBJC_ISA_USAGE = YES_ERROR;
				CLANG_WARN_DOCUMENTATION_COMMENTS = YES;
				CLANG_WARN_EMPTY_BODY = YES;
				CLANG_WARN_ENUM_CONVERSION = YES;
				CLANG_WARN_INFINITE_RECURSION = YES;
				CLANG_WARN_INT_CONVERSION = YES;
				CLANG_WARN_OBJC_ROOT_CLASS = YES_ERROR;
				CLANG_WARN_SUSPICIOUS_MOVE = YES;
				CLANG_WARN_UNREACHABLE_CODE = YES;
				CLANG_WARN__DUPLICATE_METHOD_MATCH = YES;
				"CODE_SIGN_IDENTITY[sdk=iphoneos*]" = "iPhone Developer";
				COPY_PHASE_STRIP = NO;
				DEBUG_INFORMATION_FORMAT = "dwarf-with-dsym";
				ENABLE_NS_ASSERTIONS = NO;
				ENABLE_STRICT_OBJC_MSGSEND = YES;
				GCC_C_LANGUAGE_STANDARD = gnu99;
				GCC_NO_COMMON_BLOCKS = YES;
				GCC_WARN_64_TO_32_BIT_CONVERSION = YES;
				GCC_WARN_ABOUT_RETURN_TYPE = YES_ERROR;
				GCC_WARN_UNDECLARED_SELECTOR = YES;
				GCC_WARN_UNINITIALIZED_AUTOS = YES_AGGRESSIVE;
				GCC_WARN_UNUSED_FUNCTION = YES;
				GCC_WARN_UNUSED_VARIABLE = YES;
				IPHONEOS_DEPLOYMENT_TARGET = 10.2;
				MTL_ENABLE_DEBUG_INFO = NO;
				SDKROOT = iphoneos;
				SWIFT_OPTIMIZATION_LEVEL = "-Owholemodule";
				TARGETED_DEVICE_FAMILY = "1,2";
				VALIDATE_PRODUCT = YES;
			};
			name = Release;
		};
		B5D21A4F1E32FA75007656C7 /* Debug */ = {
			isa = XCBuildConfiguration;
			baseConfigurationReference = 1A3AF08E849A2DEFB04E8991 /* Pods-ButterChat.debug.xcconfig */;
			buildSettings = {
				ALWAYS_EMBED_SWIFT_STANDARD_LIBRARIES = YES;
				ASSETCATALOG_COMPILER_APPICON_NAME = AppIcon;
				DEVELOPMENT_TEAM = WK3VAH28UA;
				INFOPLIST_FILE = ButterChat/Info.plist;
				LD_RUNPATH_SEARCH_PATHS = "$(inherited) @executable_path/Frameworks";
				PRODUCT_BUNDLE_IDENTIFIER = stevenshang.ButterChat;
				PRODUCT_NAME = "$(TARGET_NAME)";
				SWIFT_VERSION = 3.0;
			};
			name = Debug;
		};
		B5D21A501E32FA75007656C7 /* Release */ = {
			isa = XCBuildConfiguration;
			baseConfigurationReference = C99CE665807D2421911F5B9A /* Pods-ButterChat.release.xcconfig */;
			buildSettings = {
				ALWAYS_EMBED_SWIFT_STANDARD_LIBRARIES = YES;
				ASSETCATALOG_COMPILER_APPICON_NAME = AppIcon;
				DEVELOPMENT_TEAM = WK3VAH28UA;
				INFOPLIST_FILE = ButterChat/Info.plist;
				LD_RUNPATH_SEARCH_PATHS = "$(inherited) @executable_path/Frameworks";
				PRODUCT_BUNDLE_IDENTIFIER = stevenshang.ButterChat;
				PRODUCT_NAME = "$(TARGET_NAME)";
				SWIFT_VERSION = 3.0;
			};
			name = Release;
		};
/* End XCBuildConfiguration section */

/* Begin XCConfigurationList section */
		B5D21A371E32FA75007656C7 /* Build configuration list for PBXProject "ButterChat" */ = {
			isa = XCConfigurationList;
			buildConfigurations = (
				B5D21A4C1E32FA75007656C7 /* Debug */,
				B5D21A4D1E32FA75007656C7 /* Release */,
			);
			defaultConfigurationIsVisible = 0;
			defaultConfigurationName = Release;
		};
		B5D21A4E1E32FA75007656C7 /* Build configuration list for PBXNativeTarget "ButterChat" */ = {
			isa = XCConfigurationList;
			buildConfigurations = (
				B5D21A4F1E32FA75007656C7 /* Debug */,
				B5D21A501E32FA75007656C7 /* Release */,
			);
			defaultConfigurationIsVisible = 0;
			defaultConfigurationName = Release;
		};
/* End XCConfigurationList section */
	};
	rootObject = B5D21A341E32FA75007656C7 /* Project object */;
}
